
Microsoft Visual Studio Solution File, Format Version 12.00
# Visual Studio Version 17
VisualStudioVersion = 17.9.34714.143
MinimumVisualStudioVersion = 10.0.40219.1
Project("{9A19103F-16F7-4668-BE54-9A1E7A4F7556}") = "CarSimulation", "CarSimulation\CarSimulation.csproj", "{8440438C-43E5-411D-B88A-5495482D0F44}"
EndProject
Project("{FAE04EC0-301F-11D3-BF4B-00C04F79EFBC}") = "CarSimulation.UnitTests", "CarSimulation.UnitTests\CarSimulation.UnitTests.csproj", "{68F43B1A-5760-456A-94F1-759E351EA38B}"
EndProject
Global
	GlobalSection(SolutionConfigurationPlatforms) = preSolution
		Debug|Any CPU = Debug|Any CPU
		Release|Any CPU = Release|Any CPU
	EndGlobalSection
	GlobalSection(ProjectConfigurationPlatforms) = postSolution
		{8440438C-43E5-411D-B88A-5495482D0F44}.Debug|Any CPU.ActiveCfg = Debug|Any CPU
		{8440438C-43E5-411D-B88A-5495482D0F44}.Debug|Any CPU.Build.0 = Debug|Any CPU
		{8440438C-43E5-411D-B88A-5495482D0F44}.Release|Any CPU.ActiveCfg = Release|Any CPU
		{8440438C-43E5-411D-B88A-5495482D0F44}.Release|Any CPU.Build.0 = Release|Any CPU
		{68F43B1A-5760-456A-94F1-759E351EA38B}.Debug|Any CPU.ActiveCfg = Debug|Any CPU
		{68F43B1A-5760-456A-94F1-759E351EA38B}.Debug|Any CPU.Build.0 = Debug|Any CPU
		{68F43B1A-5760-456A-94F1-759E351EA38B}.Release|Any CPU.ActiveCfg = Release|Any CPU
		{68F43B1A-5760-456A-94F1-759E351EA38B}.Release|Any CPU.Build.0 = Release|Any CPU
	EndGlobalSection
	GlobalSection(SolutionProperties) = preSolution
		HideSolutionNode = FALSE
	EndGlobalSection
	GlobalSection(ExtensibilityGlobals) = postSolution
		SolutionGuid = {F7B42169-CF48-4453-8B1F-FDE6B2AE3EF7}
	EndGlobalSection
EndGlobal
